
Microsoft Visual Studio Solution File, Format Version 12.00
# Visual Studio 2012
Project("{8BC9CEB8-8B4A-11D0-8D11-00A0C91BC942}") = "ParticleEngine", "ParticleEngine.vcxproj", "{FFD5F16B-DB01-4FC7-BA73-96877063DB85}"
EndProject
Global
	GlobalSection(SolutionConfigurationPlatforms) = preSolution
		Debug|Win32 = Debug|Win32
		Release|Win32 = Release|Win32
	EndGlobalSection
	GlobalSection(ProjectConfigurationPlatforms) = postSolution
		{FFD5F16B-DB01-4FC7-BA73-96877063DB85}.Debug|Win32.ActiveCfg = Debug|Win32
		{FFD5F16B-DB01-4FC7-BA73-96877063DB85}.Debug|Win32.Build.0 = Debug|Win32
		{FFD5F16B-DB01-4FC7-BA73-96877063DB85}.Release|Win32.ActiveCfg = Release|Win32
		{FFD5F16B-DB01-4FC7-BA73-96877063DB85}.Release|Win32.Build.0 = Release|Win32
	EndGlobalSection
	GlobalSection(SolutionProperties) = preSolution
		HideSolutionNode = FALSE
	EndGlobalSection
EndGlobal
